
Microsoft Visual Studio Solution File, Format Version 12.00
# Visual Studio Version 17
VisualStudioVersion = 17.6.33723.286
MinimumVisualStudioVersion = 10.0.40219.1
Project("{FAE04EC0-301F-11D3-BF4B-00C04F79EFBC}") = "Keedoozle Fine Food", "Keedoozle Fine Food.csproj", "{96B20FDA-68C1-4D0D-826F-8E1143E02E71}"
EndProject
Global
	GlobalSection(SolutionConfigurationPlatforms) = preSolution
		Debug|Any CPU = Debug|Any CPU
		Release|Any CPU = Release|Any CPU
	EndGlobalSection
	GlobalSection(ProjectConfigurationPlatforms) = postSolution
		{96B20FDA-68C1-4D0D-826F-8E1143E02E71}.Debug|Any CPU.ActiveCfg = Debug|Any CPU
		{96B20FDA-68C1-4D0D-826F-8E1143E02E71}.Debug|Any CPU.Build.0 = Debug|Any CPU
		{96B20FDA-68C1-4D0D-826F-8E1143E02E71}.Release|Any CPU.ActiveCfg = Release|Any CPU
		{96B20FDA-68C1-4D0D-826F-8E1143E02E71}.Release|Any CPU.Build.0 = Release|Any CPU
	EndGlobalSection
	GlobalSection(SolutionProperties) = preSolution
		HideSolutionNode = FALSE
	EndGlobalSection
	GlobalSection(ExtensibilityGlobals) = postSolution
		SolutionGuid = {D48BBCA1-9D61-40A6-9A4D-40B12D54B1AC}
	EndGlobalSection
EndGlobal
